
Microsoft Visual Studio Solution File, Format Version 12.00
# Visual Studio Version 17
VisualStudioVersion = 17.6.33815.320
MinimumVisualStudioVersion = 10.0.40219.1
Project("{FAE04EC0-301F-11D3-BF4B-00C04F79EFBC}") = "Elev8API", "Elev8API.csproj", "{0D1E8B42-9383-49B0-B52C-03E532E2F6EE}"
EndProject
Global
	GlobalSection(SolutionConfigurationPlatforms) = preSolution
		Debug|Any CPU = Debug|Any CPU
		Release|Any CPU = Release|Any CPU
	EndGlobalSection
	GlobalSection(ProjectConfigurationPlatforms) = postSolution
		{0D1E8B42-9383-49B0-B52C-03E532E2F6EE}.Debug|Any CPU.ActiveCfg = Debug|Any CPU
		{0D1E8B42-9383-49B0-B52C-03E532E2F6EE}.Debug|Any CPU.Build.0 = Debug|Any CPU
		{0D1E8B42-9383-49B0-B52C-03E532E2F6EE}.Release|Any CPU.ActiveCfg = Release|Any CPU
		{0D1E8B42-9383-49B0-B52C-03E532E2F6EE}.Release|Any CPU.Build.0 = Release|Any CPU
	EndGlobalSection
	GlobalSection(SolutionProperties) = preSolution
		HideSolutionNode = FALSE
	EndGlobalSection
	GlobalSection(ExtensibilityGlobals) = postSolution
		SolutionGuid = {7F9F3C42-44BE-40CA-93A5-E6D16A666490}
	EndGlobalSection
EndGlobal
